
Microsoft Visual Studio Solution File, Format Version 12.00
# Visual Studio Version 17
VisualStudioVersion = 17.0.31808.319
MinimumVisualStudioVersion = 10.0.40219.1
Project("{FAE04EC0-301F-11D3-BF4B-00C04F79EFBC}") = "TestJenkins", "TestJenkins\TestJenkins.csproj", "{E440BEB4-272C-4462-9CC4-FD642557EFEC}"
EndProject
Global
	GlobalSection(SolutionConfigurationPlatforms) = preSolution
		Debug|Any CPU = Debug|Any CPU
		Release|Any CPU = Release|Any CPU
	EndGlobalSection
	GlobalSection(ProjectConfigurationPlatforms) = postSolution
		{E440BEB4-272C-4462-9CC4-FD642557EFEC}.Debug|Any CPU.ActiveCfg = Debug|Any CPU
		{E440BEB4-272C-4462-9CC4-FD642557EFEC}.Debug|Any CPU.Build.0 = Debug|Any CPU
		{E440BEB4-272C-4462-9CC4-FD642557EFEC}.Release|Any CPU.ActiveCfg = Release|Any CPU
		{E440BEB4-272C-4462-9CC4-FD642557EFEC}.Release|Any CPU.Build.0 = Release|Any CPU
	EndGlobalSection
	GlobalSection(SolutionProperties) = preSolution
		HideSolutionNode = FALSE
	EndGlobalSection
	GlobalSection(ExtensibilityGlobals) = postSolution
		SolutionGuid = {96F744DE-439E-4A20-9291-AE024D95EED2}
	EndGlobalSection
EndGlobal
